
Microsoft Visual Studio Solution File, Format Version 12.00
# Visual Studio Version 16
VisualStudioVersion = 16.0.29403.142
MinimumVisualStudioVersion = 10.0.40219.1
Project("{FAE04EC0-301F-11D3-BF4B-00C04F79EFBC}") = "Assin_Add", "Assin_Add\Assin_Add.csproj", "{781B2833-422A-4D5E-BA04-812FE8C87052}"
EndProject
Project("{FAE04EC0-301F-11D3-BF4B-00C04F79EFBC}") = "Mutant_AddTest", "Mutant_AddTest\Mutant_AddTest.csproj", "{F6717A60-B063-4746-AD91-A7214B9185B3}"
EndProject
Global
	GlobalSection(SolutionConfigurationPlatforms) = preSolution
		Debug|Any CPU = Debug|Any CPU
		Release|Any CPU = Release|Any CPU
	EndGlobalSection
	GlobalSection(ProjectConfigurationPlatforms) = postSolution
		{781B2833-422A-4D5E-BA04-812FE8C87052}.Debug|Any CPU.ActiveCfg = Debug|Any CPU
		{781B2833-422A-4D5E-BA04-812FE8C87052}.Debug|Any CPU.Build.0 = Debug|Any CPU
		{781B2833-422A-4D5E-BA04-812FE8C87052}.Release|Any CPU.ActiveCfg = Release|Any CPU
		{781B2833-422A-4D5E-BA04-812FE8C87052}.Release|Any CPU.Build.0 = Release|Any CPU
		{F6717A60-B063-4746-AD91-A7214B9185B3}.Debug|Any CPU.ActiveCfg = Debug|Any CPU
		{F6717A60-B063-4746-AD91-A7214B9185B3}.Debug|Any CPU.Build.0 = Debug|Any CPU
		{F6717A60-B063-4746-AD91-A7214B9185B3}.Release|Any CPU.ActiveCfg = Release|Any CPU
		{F6717A60-B063-4746-AD91-A7214B9185B3}.Release|Any CPU.Build.0 = Release|Any CPU
	EndGlobalSection
	GlobalSection(SolutionProperties) = preSolution
		HideSolutionNode = FALSE
	EndGlobalSection
	GlobalSection(ExtensibilityGlobals) = postSolution
		SolutionGuid = {39B122C5-B6A0-476E-B9A6-BBC6BC155582}
	EndGlobalSection
EndGlobal
