
Microsoft Visual Studio Solution File, Format Version 12.00
# Visual Studio Version 16
VisualStudioVersion = 16.0.29403.142
MinimumVisualStudioVersion = 10.0.40219.1
Project("{FAE04EC0-301F-11D3-BF4B-00C04F79EFBC}") = "Assin_Div", "Assin_Div\Assin_Div.csproj", "{C50A05DD-68B0-44FA-8271-7C4B0758DB6B}"
EndProject
Project("{FAE04EC0-301F-11D3-BF4B-00C04F79EFBC}") = "Div_Test", "Div_Test\Div_Test.csproj", "{C3B8E1A5-C83E-454E-A3BC-E064EDFEAC72}"
EndProject
Global
	GlobalSection(SolutionConfigurationPlatforms) = preSolution
		Debug|Any CPU = Debug|Any CPU
		Release|Any CPU = Release|Any CPU
	EndGlobalSection
	GlobalSection(ProjectConfigurationPlatforms) = postSolution
		{C50A05DD-68B0-44FA-8271-7C4B0758DB6B}.Debug|Any CPU.ActiveCfg = Debug|Any CPU
		{C50A05DD-68B0-44FA-8271-7C4B0758DB6B}.Debug|Any CPU.Build.0 = Debug|Any CPU
		{C50A05DD-68B0-44FA-8271-7C4B0758DB6B}.Release|Any CPU.ActiveCfg = Release|Any CPU
		{C50A05DD-68B0-44FA-8271-7C4B0758DB6B}.Release|Any CPU.Build.0 = Release|Any CPU
		{C3B8E1A5-C83E-454E-A3BC-E064EDFEAC72}.Debug|Any CPU.ActiveCfg = Debug|Any CPU
		{C3B8E1A5-C83E-454E-A3BC-E064EDFEAC72}.Debug|Any CPU.Build.0 = Debug|Any CPU
		{C3B8E1A5-C83E-454E-A3BC-E064EDFEAC72}.Release|Any CPU.ActiveCfg = Release|Any CPU
		{C3B8E1A5-C83E-454E-A3BC-E064EDFEAC72}.Release|Any CPU.Build.0 = Release|Any CPU
	EndGlobalSection
	GlobalSection(SolutionProperties) = preSolution
		HideSolutionNode = FALSE
	EndGlobalSection
	GlobalSection(ExtensibilityGlobals) = postSolution
		SolutionGuid = {F4A5BE8D-C6ED-49FB-91A3-EF65201207E8}
	EndGlobalSection
EndGlobal
