
Microsoft Visual Studio Solution File, Format Version 12.00
# Visual Studio Version 16
VisualStudioVersion = 16.0.29403.142
MinimumVisualStudioVersion = 10.0.40219.1
Project("{FAE04EC0-301F-11D3-BF4B-00C04F79EFBC}") = "Assignment_Mutant", "Assignment_Mutant\Assignment_Mutant.csproj", "{CFBD1A74-3F76-4FD6-AF22-8763E702D95A}"
EndProject
Project("{FAE04EC0-301F-11D3-BF4B-00C04F79EFBC}") = "MutantTest", "MutantTest\MutantTest.csproj", "{EC47B988-F35B-46B1-8E80-E839402E90BA}"
EndProject
Global
	GlobalSection(SolutionConfigurationPlatforms) = preSolution
		Debug|Any CPU = Debug|Any CPU
		Release|Any CPU = Release|Any CPU
	EndGlobalSection
	GlobalSection(ProjectConfigurationPlatforms) = postSolution
		{CFBD1A74-3F76-4FD6-AF22-8763E702D95A}.Debug|Any CPU.ActiveCfg = Debug|Any CPU
		{CFBD1A74-3F76-4FD6-AF22-8763E702D95A}.Debug|Any CPU.Build.0 = Debug|Any CPU
		{CFBD1A74-3F76-4FD6-AF22-8763E702D95A}.Release|Any CPU.ActiveCfg = Release|Any CPU
		{CFBD1A74-3F76-4FD6-AF22-8763E702D95A}.Release|Any CPU.Build.0 = Release|Any CPU
		{EC47B988-F35B-46B1-8E80-E839402E90BA}.Debug|Any CPU.ActiveCfg = Debug|Any CPU
		{EC47B988-F35B-46B1-8E80-E839402E90BA}.Debug|Any CPU.Build.0 = Debug|Any CPU
		{EC47B988-F35B-46B1-8E80-E839402E90BA}.Release|Any CPU.ActiveCfg = Release|Any CPU
		{EC47B988-F35B-46B1-8E80-E839402E90BA}.Release|Any CPU.Build.0 = Release|Any CPU
	EndGlobalSection
	GlobalSection(SolutionProperties) = preSolution
		HideSolutionNode = FALSE
	EndGlobalSection
	GlobalSection(ExtensibilityGlobals) = postSolution
		SolutionGuid = {FF6375B7-E86F-4FAC-A35E-53582F267AE9}
	EndGlobalSection
EndGlobal
